
Microsoft Visual Studio Solution File, Format Version 12.00
# Visual Studio 15
VisualStudioVersion = 15.0.26228.9
MinimumVisualStudioVersion = 10.0.40219.1
Project("{FAE04EC0-301F-11D3-BF4B-00C04F79EFBC}") = "ExcelFixture", "ExcelFixture\ExcelFixture.csproj", "{8A01A119-4973-4B6F-85AD-24D36142EBF1}"
EndProject
Project("{FAE04EC0-301F-11D3-BF4B-00C04F79EFBC}") = "ExcelFixtureTest", "ExcelFixtureTest\ExcelFixtureTest.csproj", "{A8202DD7-847A-48B0-BE94-4CFE4FA7A8D9}"
EndProject
Global
	GlobalSection(SolutionConfigurationPlatforms) = preSolution
		Debug|Any CPU = Debug|Any CPU
		Release|Any CPU = Release|Any CPU
	EndGlobalSection
	GlobalSection(ProjectConfigurationPlatforms) = postSolution
		{8A01A119-4973-4B6F-85AD-24D36142EBF1}.Debug|Any CPU.ActiveCfg = Debug|Any CPU
		{8A01A119-4973-4B6F-85AD-24D36142EBF1}.Debug|Any CPU.Build.0 = Debug|Any CPU
		{8A01A119-4973-4B6F-85AD-24D36142EBF1}.Release|Any CPU.ActiveCfg = Release|Any CPU
		{8A01A119-4973-4B6F-85AD-24D36142EBF1}.Release|Any CPU.Build.0 = Release|Any CPU
		{A8202DD7-847A-48B0-BE94-4CFE4FA7A8D9}.Debug|Any CPU.ActiveCfg = Debug|Any CPU
		{A8202DD7-847A-48B0-BE94-4CFE4FA7A8D9}.Debug|Any CPU.Build.0 = Debug|Any CPU
		{A8202DD7-847A-48B0-BE94-4CFE4FA7A8D9}.Release|Any CPU.ActiveCfg = Release|Any CPU
		{A8202DD7-847A-48B0-BE94-4CFE4FA7A8D9}.Release|Any CPU.Build.0 = Release|Any CPU
	EndGlobalSection
	GlobalSection(SolutionProperties) = preSolution
		HideSolutionNode = FALSE
	EndGlobalSection
EndGlobal
